[[package]]
category = "main"
description = "An unobtrusive argparse wrapper with natural syntax"
name = "argh"
optional = false
python-versions = "*"
version = "0.26.2"

[[package]]
category = "main"
description = "Python bindings to Atari games"
name = "atari-py"
optional = false
python-versions = "*"
version = "0.1.7"

[package.dependencies]
numpy = "*"
six = "*"

[[package]]
category = "main"
description = "Python package for providing Mozilla's CA Bundle."
name = "certifi"
optional = false
python-versions = "*"
version = "2019.3.9"

[[package]]
category = "main"
description = "Universal encoding detector for Python 2 and 3"
name = "chardet"
optional = false
python-versions = "*"
version = "3.0.4"

[[package]]
category = "main"
description = "Composable command line interface toolkit"
name = "click"
optional = false
python-versions = ">=2.7, !=3.0.*, !=3.1.*, !=3.2.*, !=3.3.*"
version = "7.0"

[[package]]
category = "main"
description = "Random name and slug generator"
name = "coolname"
optional = false
python-versions = "*"
version = "1.1.0"

[[package]]
category = "main"
description = "Python bindings for the docker credentials store API"
name = "docker-pycreds"
optional = false
python-versions = "*"
version = "0.4.0"

[package.dependencies]
six = ">=1.4.0"

[[package]]
category = "dev"
description = "Discover and load entry points from installed packages."
name = "entrypoints"
optional = false
python-versions = ">=2.7"
version = "0.3"

[[package]]
category = "dev"
description = "the modular source code checker: pep8, pyflakes and co"
name = "flake8"
optional = false
python-versions = ">=2.7, !=3.0.*, !=3.1.*, !=3.2.*, !=3.3.*"
version = "3.7.7"

[package.dependencies]
entrypoints = ">=0.3.0,<0.4.0"
mccabe = ">=0.6.0,<0.7.0"
pycodestyle = ">=2.5.0,<2.6.0"
pyflakes = ">=2.1.0,<2.2.0"

[[package]]
category = "main"
description = "Clean single-source support for Python 3 and 2"
name = "future"
optional = false
python-versions = ">=2.6, !=3.0.*, !=3.1.*, !=3.2.*"
version = "0.17.1"

[[package]]
category = "main"
description = "Git Object Database"
name = "gitdb2"
optional = false
python-versions = ">=2.7, !=3.0.*, !=3.1.*, !=3.2.*, !=3.3.*"
version = "2.0.5"

[package.dependencies]
smmap2 = ">=2.0.0"

[[package]]
category = "main"
description = "Python Git Library"
name = "gitpython"
optional = false
python-versions = ">=2.7, !=3.0.*, !=3.1.*, !=3.2.*, !=3.3.*"
version = "2.1.11"

[package.dependencies]
gitdb2 = ">=2.0.0"

[[package]]
category = "main"
description = "GraphQL client for Python"
name = "gql"
optional = false
python-versions = "*"
version = "0.1.0"

[package.dependencies]
graphql-core = ">=0.5.0"
promise = ">=0.4.0"
six = ">=1.10.0"

[[package]]
category = "main"
description = "GraphQL implementation for Python"
name = "graphql-core"
optional = false
python-versions = "*"
version = "2.1"

[package.dependencies]
promise = ">=2.1"
rx = ">=1.6.0"
six = ">=1.10.0"

[[package]]
category = "dev"
description = "Simple Python interface for Graphviz"
name = "graphviz"
optional = false
python-versions = ">=2.7,!=3.0.*,!=3.1.*,!=3.2.*,!=3.3.*"
version = "0.10.1"

[[package]]
category = "main"
description = "The OpenAI Gym: A toolkit for developing and comparing your reinforcement learning agents."
name = "gym"
optional = false
python-versions = "*"
version = "0.12.1"

[package.dependencies]
numpy = ">=1.10.4"
pyglet = ">=1.2.0"
requests = ">=2.0"
scipy = "*"
six = "*"

[[package]]
category = "main"
description = "Internationalized Domain Names in Applications (IDNA)"
name = "idna"
optional = false
python-versions = ">=2.7, !=3.0.*, !=3.1.*, !=3.2.*, !=3.3.*"
version = "2.8"

[[package]]
category = "dev"
description = "McCabe checker, plugin for flake8"
name = "mccabe"
optional = false
python-versions = "*"
version = "0.6.1"

[[package]]
category = "main"
description = "NumPy is the fundamental package for array computing with Python."
name = "numpy"
optional = false
python-versions = ">=2.7,!=3.0.*,!=3.1.*,!=3.2.*,!=3.3.*"
version = "1.16.3"

[[package]]
category = "main"
description = "Python Bindings for the NVIDIA Management Library"
name = "nvidia-ml-py3"
optional = false
python-versions = "*"
version = "7.352.0"

[[package]]
category = "dev"
description = "Draws Python object reference graphs with graphviz"
name = "objgraph"
optional = false
python-versions = "*"
version = "3.4.1"

[package.dependencies]
graphviz = "*"

[[package]]
category = "main"
description = "Wrapper package for OpenCV python bindings."
name = "opencv-python"
optional = false
python-versions = "*"
version = "4.1.0.25"

[package.dependencies]
numpy = ">=1.11.1"

[[package]]
category = "main"
description = "File system general utilities"
name = "pathtools"
optional = false
python-versions = "*"
version = "0.1.2"

[[package]]
category = "main"
description = "Python Imaging Library (Fork)"
name = "pillow"
optional = false
python-versions = ">=2.7, !=3.0.*, !=3.1.*, !=3.2.*, !=3.3.*, !=3.4.*"
version = "6.0.0"

[[package]]
category = "main"
description = "Promises/A+ implementation for Python"
name = "promise"
optional = false
python-versions = "*"
version = "2.2.1"

[package.dependencies]
six = "*"

[[package]]
category = "main"
description = "Protocol Buffers"
name = "protobuf"
optional = false
python-versions = "*"
version = "3.7.1"

[package.dependencies]
setuptools = "*"
six = ">=1.9"

[[package]]
category = "main"
description = "Cross-platform lib for process and system monitoring in Python."
name = "psutil"
optional = false
python-versions = ">=2.6, !=3.0.*, !=3.1.*, !=3.2.*, !=3.3.*"
version = "5.6.2"

[[package]]
category = "main"
description = "PyTorch reinforcement learning framework"
name = "ptan"
optional = false
python-versions = "*"
version = "0.3"

[package.source]
reference = "144b2577508d1a2ae8a96ad38accdd0c2d1c6734"
type = "git"
url = "https://github.com/Shmuma/ptan.git"

[[package]]
category = "dev"
description = "Python style guide checker"
name = "pycodestyle"
optional = false
python-versions = ">=2.7, !=3.0.*, !=3.1.*, !=3.2.*, !=3.3.*"
version = "2.5.0"

[[package]]
category = "dev"
description = "passive checker of Python programs"
name = "pyflakes"
optional = false
python-versions = ">=2.7, !=3.0.*, !=3.1.*, !=3.2.*, !=3.3.*"
version = "2.1.1"

[[package]]
category = "main"
description = "Cross-platform windowing and multimedia library"
name = "pyglet"
optional = false
python-versions = "*"
version = "1.3.2"

[package.dependencies]
future = "*"

[[package]]
category = "main"
description = "Extensions to the standard Python datetime module"
name = "python-dateutil"
optional = false
python-versions = ">=2.7, !=3.0.*, !=3.1.*, !=3.2.*"
version = "2.8.0"

[package.dependencies]
six = ">=1.5"

[[package]]
category = "main"
description = "YAML parser and emitter for Python"
name = "pyyaml"
optional = false
python-versions = "*"
version = "5.1"

[[package]]
category = "main"
description = "Python HTTP for Humans."
name = "requests"
optional = false
python-versions = ">=2.7, !=3.0.*, !=3.1.*, !=3.2.*, !=3.3.*, !=3.4.*"
version = "2.22.0"

[package.dependencies]
certifi = ">=2017.4.17"
chardet = ">=3.0.2,<3.1.0"
idna = ">=2.5,<2.9"
urllib3 = ">=1.21.1,<1.25.0 || >1.25.0,<1.25.1 || >1.25.1,<1.26"

[[package]]
category = "main"
description = "Reactive Extensions (Rx) for Python"
name = "rx"
optional = false
python-versions = "*"
version = "1.6.1"

[[package]]
category = "main"
description = "SciPy: Scientific Library for Python"
name = "scipy"
optional = false
python-versions = ">=3.5"
version = "1.3.0"

[package.dependencies]
numpy = ">=1.13.3"

[[package]]
category = "main"
description = "Python client for Sentry (https://getsentry.com)"
name = "sentry-sdk"
optional = false
python-versions = "*"
version = "0.8.0"

[package.dependencies]
certifi = "*"
urllib3 = "*"

[[package]]
category = "main"
description = "A generator library for concise, unambiguous and URL-safe UUIDs."
name = "shortuuid"
optional = false
python-versions = "*"
version = "0.5.0"

[[package]]
category = "main"
description = "Python 2 and 3 compatibility utilities"
name = "six"
optional = false
python-versions = ">=2.6, !=3.0.*, !=3.1.*"
version = "1.12.0"

[[package]]
category = "main"
description = "A pure Python implementation of a sliding window memory map manager"
name = "smmap2"
optional = false
python-versions = ">=2.7, !=3.0.*, !=3.1.*, !=3.2.*, !=3.3.*"
version = "2.0.5"

[[package]]
category = "main"
description = "A backport of the subprocess module from Python 3 for use on 2.x."
name = "subprocess32"
optional = false
python-versions = ">=2.6, !=3.0.*, !=3.1.*, !=3.2.*, <4"
version = "3.5.4"

[[package]]
category = "main"
description = "TensorBoardX lets you watch Tensors Flow without Tensorflow"
name = "tensorboardx"
optional = false
python-versions = "*"
version = "1.6"

[package.dependencies]
numpy = "*"
protobuf = ">=3.2.0"
six = "*"

[[package]]
category = "main"
description = "Tensors and Dynamic neural networks in Python with strong GPU acceleration"
name = "torch"
optional = false
python-versions = "*"
version = "1.1.0"

[package.dependencies]
numpy = "*"

[package.source]
reference = ""
type = "file"
url = "../../../wheels/torch-1.1.0-cp37-cp37m-linux_x86_64.whl"

[[package]]
category = "main"
description = "image and video datasets and models for torch deep learning"
name = "torchvision"
optional = false
python-versions = "*"
version = "0.2.2.post3"

[package.dependencies]
numpy = "*"
pillow = ">=4.1.1"
six = "*"
torch = "*"

[[package]]
category = "main"
description = "HTTP library with thread-safe connection pooling, file post, and more."
name = "urllib3"
optional = false
python-versions = ">=2.7, !=3.0.*, !=3.1.*, !=3.2.*, !=3.3.*, <4"
version = "1.25.2"

[[package]]
category = "main"
description = "A CLI and library for interacting with the Weights and Biases API."
name = "wandb"
optional = false
python-versions = ">=2.7, !=3.0.*, !=3.1.*, !=3.2.*, !=3.3.*"
version = "0.8.1"

[package.dependencies]
Click = ">=6.0"
GitPython = ">=1.0.0"
docker-pycreds = ">=0.4.0"
gql = ">=0.1.0"
nvidia-ml-py3 = ">=7.352.0"
psutil = ">=5.0.0"
python-dateutil = ">=2.6.1"
requests = ">=2.0.0"
sentry-sdk = ">=0.4.0"
shortuuid = ">=0.5.0"
six = ">=1.10.0"
subprocess32 = ">=3.5.3"
watchdog = ">=0.8.3"

[[package]]
category = "main"
description = "Filesystem events monitoring"
name = "watchdog"
optional = false
python-versions = "*"
version = "0.9.0"

[package.dependencies]
PyYAML = ">=3.10"
argh = ">=0.24.1"
pathtools = ">=0.1.1"

[metadata]
content-hash = "18747f91398c1005499105849f7d964d34dff976375289bd6844e4102d154718"
python-versions = "^3.7"

[metadata.hashes]
argh = ["a9b3aaa1904eeb78e32394cd46c6f37ac0fb4af6dc488daa58971bdc7d7fcaf3", "e9535b8c84dc9571a48999094fda7f33e63c3f1b74f3e5f3ac0105a58405bb65"]
atari-py = ["14670d021029355d541c35e28b1f2d075e42716d0b867543c0195707c55452f6", "335f01a53cfbbcfd815789a218f558eb3dd7318c67841920e3e73a73367c95e6", "341b5c24871391694c9ddccb33b9cbe11f828e969afbeeff569b84652bc64b92", "8b881ee52f9031a5d74b62d73d95fc21f87d8eed8bf6f27b3cc93a09f3fbec28", "a68c865849bf2a9303730d7f07e032ae735084925d0f3a45cf7538de550988ff", "bdaf882292c1cde452a536b8119611448bec6cce5273f9fc11ded4036bc98527", "e700294877edd0e6629db0a4b1259abe644bc9d82b2348b2b7962d2db0f42c1f"]
certifi = ["59b7658e26ca9c7339e00f8f4636cdfe59d34fa37b9b04f6f9e9926b3cece1a5", "b26104d6835d1f5e49452a26eb2ff87fe7090b89dfcaee5ea2212697e1e1d7ae"]
chardet = ["84ab92ed1c4d4f16916e05906b6b75a6c0fb5db821cc65e70cbd64a3e2a5eaae", "fc323ffcaeaed0e0a02bf4d117757b98aed530d9ed4531e3e15460124c106691"]
click = ["2335065e6395b9e67ca716de5f7526736bfa6ceead690adf616d925bdc622b13", "5b94b49521f6456670fdb30cd82a4eca9412788a93fa6dd6df72c94d5a8ff2d7"]
coolname = ["410fe6ea9999bf96f2856ef0c726d5f38782bbefb7bb1aca0e91e0dc98ed09e3", "e6a83a0ac88640f4f3d2070438dbe112fe80cfebc119c93bd402976ec84c0978"]
docker-pycreds = ["6ce3270bcaf404cc4c3e27e4b6c70d3521deae82fb508767870fdbf772d584d4", "7266112468627868005106ec19cd0d722702d2b7d5912a28e19b826c3d37af49"]
entrypoints = ["589f874b313739ad35be6e0cd7efde2a4e9b6fea91edcc34e58ecbb8dbe56d19", "c70dd71abe5a8c85e55e12c19bd91ccfeec11a6e99044204511f9ed547d48451"]
flake8 = ["859996073f341f2670741b51ec1e67a01da142831aa1fdc6242dbf88dffbe661", "a796a115208f5c03b18f332f7c11729812c8c3ded6c46319c59b53efd3819da8"]
future = ["67045236dcfd6816dc439556d009594abf643e5eb48992e36beac09c2ca659b8"]
gitdb2 = ["83361131a1836661a155172932a13c08bda2db3674e4caa32368aa6eb02f38c2", "e3a0141c5f2a3f635c7209d56c496ebe1ad35da82fe4d3ec4aaa36278d70648a"]
gitpython = ["563221e5a44369c6b79172f455584c9ebbb122a13368cc82cb4b5addff788f82", "8237dc5bfd6f1366abeee5624111b9d6879393d84745a507de0fda86043b65a8"]
gql = ["d20cf1eb1c6d54558174a3dcc3cf1ca0e07678cb1123804c2e165838238350f4"]
graphql-core = ["889e869be5574d02af77baf1f30b5db9ca2959f1c9f5be7b2863ead5a3ec6181", "9462e22e32c7f03b667373ec0a84d95fba10e8ce2ead08f29fbddc63b671b0c1"]
graphviz = ["0e1744a45b0d707bc44f99c7b8e5f25dc22cf96b6aaf2432ac308ed9822a9cb6", "d311be4fddfe832a56986ac5e1d6e8715d7fcb0208560da79d1bb0f72abef41f"]
gym = ["f8bee3672759aeec4271169dcbb2afc069b898c7f92882d965c59be8085f2b35"]
idna = ["c357b3f628cf53ae2c4c05627ecc484553142ca23264e593d327bcde5e9c3407", "ea8b7f6188e6fa117537c3df7da9fc686d485087abf6ac197f9c46432f7e4a3c"]
mccabe = ["ab8a6258860da4b6677da4bd2fe5dc2c659cff31b3ee4f7f5d64e79735b80d42", "dd8d182285a0fe56bace7f45b5e7d1a6ebcbf524e8f3bd87eb0f125271b8831f"]
numpy = ["0e2eed77804b2a6a88741f8fcac02c5499bba3953ec9c71e8b217fad4912c56c", "1c666f04553ef70fda54adf097dbae7080645435fc273e2397f26bbf1d127bbb", "1f46532afa7b2903bfb1b79becca2954c0a04389d19e03dc73f06b039048ac40", "315fa1b1dfc16ae0f03f8fd1c55f23fd15368710f641d570236f3d78af55e340", "3d5fcea4f5ed40c3280791d54da3ad2ecf896f4c87c877b113576b8280c59441", "48241759b99d60aba63b0e590332c600fc4b46ad597c9b0a53f350b871ef0634", "4b4f2924b36d857cf302aec369caac61e43500c17eeef0d7baacad1084c0ee84", "54fe3b7ed9e7eb928bbc4318f954d133851865f062fa4bbb02ef8940bc67b5d2", "5a8f021c70e6206c317974c93eaaf9bc2b56295b6b1cacccf88846e44a1f33fc", "754a6be26d938e6ca91942804eb209307b73f806a1721176278a6038869a1686", "771147e654e8b95eea1293174a94f34e2e77d5729ad44aefb62fbf8a79747a15", "78a6f89da87eeb48014ec652a65c4ffde370c036d780a995edaeb121d3625621", "7fde5c2a3a682a9e101e61d97696687ebdba47637611378b4127fe7e47fdf2bf", "80d99399c97f646e873dd8ce87c38cfdbb668956bbc39bc1e6cac4b515bba2a0", "88a72c1e45a0ae24d1f249a529d9f71fe82e6fa6a3fd61414b829396ec585900", "a4f4460877a16ac73302a9c077ca545498d9fe64e6a81398d8e1a67e4695e3df", "a61255a765b3ac73ee4b110b28fccfbf758c985677f526c2b4b39c48cc4b509d", "ab4896a8c910b9a04c0142871d8800c76c8a2e5ff44763513e1dd9d9631ce897", "abbd6b1c2ef6199f4b7ca9f818eb6b31f17b73a6110aadc4e4298c3f00fab24e", "b16d88da290334e33ea992c56492326ea3b06233a00a1855414360b77ca72f26", "b78a1defedb0e8f6ae1eb55fa6ac74ab42acc4569c3a2eacc2a407ee5d42ebcb", "cfef82c43b8b29ca436560d51b2251d5117818a8d1fb74a8384a83c096745dad", "d160e57731fcdec2beda807ebcabf39823c47e9409485b5a3a1db3a8c6ce763e"]
nvidia-ml-py3 = ["390f02919ee9d73fe63a98c73101061a6b37fa694a793abf56673320f1f51277"]
objgraph = ["10d50116d1a66934d143a07308a5b3b3edcc021e1457f66ff792584166cae7cd", "bf29512d7f8b457b53fa0722ea59f516abb8abc59b78f97f0ef81394a0c615a7"]
opencv-python = ["1703a296a96d3d46615e5053f224867977accb4240bcaa0fcabcb0768bf5ac13", "1777ce7535ee7a1995cae168a107a1320e9df13648b930e72a1a2c2eccd64cda", "1e5520482fb18fbd64d079e7f17ac0018f195fd75f6360a53bb82d7903106b50", "25522dcf2529614750a71112a6659759080b4bdc2323f19d47f4d895960fd796", "2af5f2842ad44c65ae2647377e0ff198719e1a1cfc9c6a19bc0c525c035d4bd8", "31ec48d7eca13fc25c287dea7cecab453976e372cad8f50d55c054a247efda21", "47cf48ff5dbd554e9f58cc9e98cf0b5de3f6a971172612bffa06bc5fb79ce872", "494f98366bb5d6c2ac7e50e6617139f353704fd97a6d12ec9d392e72817d5cb0", "4a9845870739e640e3350a8d98d511c92c087fe3d66090e83be7bf94e0ac64f7", "4ac29cc0847d948a6636899014e84e165c30cc8779d6218394d44363462a01ce", "5857ace03b7854221abf8072462d306c2c2ce4e366190b21d90ee8ee8aaf5bb4", "5b4a23d99d5a2874767034466f5a8fd37b9f93ac14955a01b1a208983c76b9ad", "734d87a5021c037064beb62133e135e66c7128e401a63b8b842b809ae2093749", "78005c1c5d15ef4e32e0f485557bd15b5b6d87f49c19db7fe3e9246a61ebe7e4", "81ae2283225c5c52fc3d72debd4241c30ccff2bb922578bf7867f9851cce3acb", "88dbf900f297fdae0f62b899d6a784d8868ec2135854c5f8a9abbad00a6f0c5b", "8c98ea7b8d327a31cd6028782a06147d0e0329ae8e829e881fb5d02f7ed8aec9", "937d4686fef6967921145290f5b50c01c00c5b5d3542a6519e8a85cd88448723", "a057958c0e362b3c4f03b9af1cbdb6d5af035fd22ecd7fd794eba8fdeb049eb8", "c41eab31fa2c641226c6187caa391a688d064c99f078d604574f1912296b771f", "cf4f7e62d1f80d1fa85a1693a3500def5cde54b2b75212b3609e552e4c25acfb", "d90d60143e18334330c149f293071c9f2f3c79c896f33dc4ec65099e58baaaa7", "db3106b7ca86999a7bd1f2fcc93e49314e5e6e451356774e421a69428df5020b", "dbaf264db56f4771dfac6624f438bc4dc670aa94f61a6138848fcab7e9e77380", "e65206c4cf651dc9cf0829962fae8bec986767c9f123d6a1ad17f9356bf7257e", "eac94ddc78c58e891cff7180274317dad2938a4ddfc6ced1c04846c7f50e77e9", "f2e828711f044a965509c862b3a59b3181e9c56c145a950cb53d43fec54e66d2"]
pathtools = ["7c35c5421a39bb82e58018febd90e3b6e5db34c5443aaaf742b3f33d4655f1c0"]
pillow = ["0683e80d81e840d401b687ebc00a02bbb23d0793c34d0852a5af64cfa1589540", "09c4e81c3277199898e8dc2d85d94febad87c41251ecbd447ba7d64d94765bd8", "0ee74a23022af9baf997e3016b4e090e4ff08688d37a6f49010338ab46cfe101", "10860baedfe5da7c43cd17835b091494dcc59dda5ad176a011713fe398ea6ac2", "15c056bfa284c30a7f265a41ac4cbbc93bdbfc0dfe0613b9cb8a8581b51a9e55", "1a4e06ba4f74494ea0c58c24de2bb752818e9d504474ec95b0aa94f6b0a7e479", "1c3c707c76be43c9e99cb7e3d5f1bee1c8e5be8b8a2a5eeee665efbf8ddde91a", "1fd0b290203e3b0882d9605d807b03c0f47e3440f97824586c173eca0aadd99d", "24114e4a6e1870c5a24b1da8f60d0ba77a0b4027907860188ea82bd3508c80eb", "258d886a49b6b058cd7abb0ab4b2b85ce78669a857398e83e8b8e28b317b5abb", "2734c55f7d054b0ad889c971136cbb0a5b35a921e27beaa44fdc2436af529c6e", "2ac36ec56727a95bd5a04dfca6abce1db8042c31ee73b65796a42f31fd52d009", "2bc1002b573d107c0b172a5da0f34b4900b2ddc6c3296b82d601e966d5ac1959", "33c79b6dd6bc7f65079ab9ca5bebffb5f5d1141c689c9c6a7855776d1b09b7e8", "367385fc797b2c31564c427430c7a8630db1a00bd040555dfc1d5c52e39fcd72", "3c1884ff078fb8bf5f63d7d86921838b82ed4a7d0c027add773c2f38b3168754", "44e5240e8f4f8861d748f2a58b3f04daadab5e22bfec896bf5434745f788f33f", "46aa988e15f3ea72dddd81afe3839437b755fffddb5e173886f11460be909dce", "492e1e4df823b57f9334f591c78a1e0e65a361e92594534e0568eeeeea56bbba", "50fb9e25d25cfcb50b2e6842c4e104e4f0b424be4624e1724532bf005c67589a", "5ceadd60dbd1e56ab7faffbfee1df5ecb83c3f0420e47f652cd5306d70eb0296", "74d90d499c9c736d52dd6d9b7221af5665b9c04f1767e35f5dd8694324bd4601", "7eeac51fc37e6b19631a4b8e38b8261a074efcf7cc27fc16a6bee4697af7aaa5", "809c0a2ce9032cbcd7b5313f71af4bdc5c8c771cb86eb7559afd954cab82ebb5", "85d1ef2cdafd5507c4221d201aaf62fc9276f8b0f71bd3933363e62a33abc734", "8c3889c7681af77ecfa4431cd42a2885d093ecb811e81fbe5e203abc07e0995b", "9218d81b9fca98d2c47d35d688a0cea0c42fd473159dfd5612dcb0483c63e40b", "9319215530e236822169cbe92426cdc18d16b88c943fdf365a6309a89876e335", "96ec275c83bf839972d6a7dd7d685fdfb6a3233c3c382ecff839d04e7d53955d", "9aa4f3827992288edd37c9df345783a69ef58bd20cc02e64b36e44bcd157bbf1", "9d80f44137a70b6f84c750d11019a3419f409c944526a95219bea0ac31f4dd91", "b7ebd36128a2fe93991293f997e44be9286503c7530ace6a55b938b20be288d8", "c30857e1fbf7d4a4b79d7d376eefaf293ea4307b8293d00a62e6f517f51bfe9b", "c4c78e2c71c257c136cdd43869fd3d5e34fc2162dc22e4a5406b0ebe86958239", "c5472ea3945e8f9eb0659f37fc1f592fd06f4f725f0f03774a8999ad8c130334", "c6a842537f887be1fe115d8abb5daa9bc8cc124e455ff995830cc785624a97af", "cf0a2e040fdf5a6d95f4c286c6ef1df6b36c218b528c8a9158ec2452a804b9b8", "cfd28aad6fc61f7a5d4ee556a997dc6e5555d9381d1390c00ecaf984d57e4232", "d0fd1ec2e7c3e0aeaae999efe83f5d0f42c1160a1f8be5120d40857d20baa452", "dca5660e25932771460d4688ccbb515677caaf8595f3f3240ec16c117deff89a", "de7aedc85918c2f887886442e50f52c1b93545606317956d65f342bd81cb4fc3", "e6c0bbf8e277b74196e3140c35f9a1ae3eafd818f7f2d3a15819c49135d6c062"]
promise = ["2ebbfc10b7abf6354403ed785fe4f04b9dfd421eb1a474ac8d187022228332af", "348f5f6c3edd4fd47c9cd65aed03ac1b31136d375aa63871a57d3e444c85655c"]
protobuf = ["21e395d7959551e759d604940a115c51c6347d90a475c9baf471a1a86b5604a9", "57e05e16955aee9e6a0389fcbd58d8289dd2420e47df1a1096b3a232c26eb2dd", "67819e8e48a74c68d87f25cad9f40edfe2faf278cdba5ca73173211b9213b8c9", "75da7d43a2c8a13b0bc7238ab3c8ae217cbfd5979d33b01e98e1f78defb2d060", "78e08371e236f193ce947712c072542ff19d0043ab5318c2ea46bbc2aaebdca6", "7ee5b595db5abb0096e8c4755e69c20dfad38b2d0bcc9bc7bafc652d2496b471", "86260ecfe7a66c0e9d82d2c61f86a14aa974d340d159b829b26f35f710f615db", "92c77db4bd33ea4ee5f15152a835273f2338a5246b2cbb84bab5d0d7f6e9ba94", "9c7b90943e0e188394b4f068926a759e3b4f63738190d1ab3d500d53b9ce7614", "a77f217ea50b2542bae5b318f7acee50d9fc8c95dd6d3656eaeff646f7cab5ee", "ad589ed1d1f83db22df867b10e01fe445516a5a4d7cfa37fe3590a5f6cfc508b", "b06a794901bf573f4b2af87e6139e5cd36ac7c91ac85d7ae3fe5b5f6fc317513", "bd8592cc5f8b4371d0bad92543370d4658dc41a5ccaaf105597eb5524c616291", "be48e5a6248a928ec43adf2bea037073e5da692c0b3c10b34f9904793bd63138", "cc5eb13f5ccc4b1b642cc147c2cdd121a34278b341c7a4d79e91182fff425836", "cd3b0e0ad69b74ee55e7c321f52a98effed2b4f4cc9a10f3683d869de00590d5", "d6e88c4920660aa75c0c2c4b53407aef5efd9a6e0ca7d2fc84d79aba2ccbda3a", "ec3c49b6d247152e19110c3a53d9bb4cf917747882017f70796460728b02722e", "f1f5d8b8e0bc9651d81b40ad3d9fb7cdd858ea31fc116dd230393465849dbecd"]
psutil = ["206eb909aa8878101d0eca07f4b31889c748f34ed6820a12eb3168c7aa17478e", "649f7ffc02114dced8fbd08afcd021af75f5f5b2311bc0e69e53e8f100fe296f", "6ebf2b9c996bb8c7198b385bade468ac8068ad8b78c54a58ff288cd5f61992c7", "753c5988edc07da00dafd6d3d279d41f98c62cd4d3a548c4d05741a023b0c2e7", "76fb0956d6d50e68e3f22e7cc983acf4e243dc0fcc32fd693d398cb21c928802", "828e1c3ca6756c54ac00f1427fdac8b12e21b8a068c3bb9b631a1734cada25ed", "a4c62319ec6bf2b3570487dd72d471307ae5495ce3802c1be81b8a22e438b4bc", "acba1df9da3983ec3c9c963adaaf530fcb4be0cd400a8294f1ecc2db56499ddd", "ef342cb7d9b60e6100364f50c57fa3a77d02ff8665d5b956746ac01901247ac4"]
ptan = []
pycodestyle = ["95a2219d12372f05704562a14ec30bc76b05a5b297b21a5dfe3f6fac3491ae56", "e40a936c9a450ad81df37f549d676d127b1b66000a6c500caa2b085bc0ca976c"]
pyflakes = ["17dbeb2e3f4d772725c777fabc446d5634d1038f234e77343108ce445ea69ce0", "d976835886f8c5b31d47970ed689944a0262b5f3afa00a5a7b4dc81e5449f8a2"]
pyglet = ["8b07aea16f34ac861cffd06a0c17723ca944d172e577b57b21859b7990709a66", "b00570e7cdf6971af8953b6ece50d83d13272afa5d1f1197c58c0f478dd17743"]
python-dateutil = ["7e6584c74aeed623791615e26efd690f29817a27c73085b78e4bad02493df2fb", "c89805f6f4d64db21ed966fda138f8a5ed7a4fdbc1a8ee329ce1b74e3c74da9e"]
pyyaml = ["1adecc22f88d38052fb787d959f003811ca858b799590a5eaa70e63dca50308c", "436bc774ecf7c103814098159fbb84c2715d25980175292c648f2da143909f95", "460a5a4248763f6f37ea225d19d5c205677d8d525f6a83357ca622ed541830c2", "5a22a9c84653debfbf198d02fe592c176ea548cccce47553f35f466e15cf2fd4", "7a5d3f26b89d688db27822343dfa25c599627bc92093e788956372285c6298ad", "9372b04a02080752d9e6f990179a4ab840227c6e2ce15b95e1278456664cf2ba", "a5dcbebee834eaddf3fa7366316b880ff4062e4bcc9787b78c7fbb4a26ff2dd1", "aee5bab92a176e7cd034e57f46e9df9a9862a71f8f37cad167c6fc74c65f5b4e", "c51f642898c0bacd335fc119da60baae0824f2cde95b0330b56c0553439f0673", "c68ea4d3ba1705da1e0d85da6684ac657912679a649e8868bd850d2c299cce13", "e23d0cc5299223dcc37885dae624f382297717e459ea24053709675a976a3e19"]
requests = ["11e007a8a2aa0323f5a921e9e6a2d7e4e67d9877e85773fba9ba6419025cbeb4", "9cf5292fcd0f598c671cfc1e0d7d1a7f13bb8085e9a590f48c010551dc6c4b31"]
rx = ["13a1d8d9e252625c173dc795471e614eadfe1cf40ffc684e08b8fff0d9748c23", "7357592bc7e881a95e0c2013b73326f704953301ab551fbc8133a6fadab84105"]
scipy = ["03b1e0775edbe6a4c64effb05fff2ce1429b76d29d754aa5ee2d848b60033351", "09d008237baabf52a5d4f5a6fcf9b3c03408f3f61a69c404472a16861a73917e", "10325f0ffac2400b1ec09537b7e403419dcd25d9fee602a44e8a32119af9079e", "1db9f964ed9c52dc5bd6127f0dd90ac89791daa690a5665cc01eae185912e1ba", "409846be9d6bdcbd78b9e5afe2f64b2da5a923dd7c1cd0615ce589489533fdbb", "4907040f62b91c2e170359c3d36c000af783f0fa1516a83d6c1517cde0af5340", "6c0543f2fdd38dee631fb023c0f31c284a532d205590b393d72009c14847f5b1", "826b9f5fbb7f908a13aa1efd4b7321e36992f5868d5d8311c7b40cf9b11ca0e7", "a7695a378c2ce402405ea37b12c7a338a8755e081869bd6b95858893ceb617ae", "a84c31e8409b420c3ca57fd30c7589378d6fdc8d155d866a7f8e6e80dec6fd06", "adadeeae5500de0da2b9e8dd478520d0a9945b577b2198f2462555e68f58e7ef", "b283a76a83fe463c9587a2c88003f800e08c3929dfbeba833b78260f9c209785", "c19a7389ab3cd712058a8c3c9ffd8d27a57f3d84b9c91a931f542682bb3d269d", "c3bb4bd2aca82fb498247deeac12265921fe231502a6bc6edea3ee7fe6c40a7a", "c5ea60ece0c0c1c849025bfc541b60a6751b491b6f11dd9ef37ab5b8c9041921", "db61a640ca20f237317d27bc658c1fc54c7581ff7f6502d112922dc285bdabee"]
sentry-sdk = ["e308129104567cee9f8848ed5098de17cbccc19bd21417c8980d47f80f1409ec", "f5819df450d7b0696be69a0c6d70a09e4890a3844ee8ccb7a461794135bd5965"]
shortuuid = ["d08fd398f40f8baf87e15eef8355e92fa541bca4eb8465fefab7ee22f92711b9"]
six = ["3350809f0555b11f552448330d0b52d5f24c91a322ea4a15ef22629740f3761c", "d16a0141ec1a18405cd4ce8b4613101da75da0e9a7aec5bdd4fa804d0e0eba73"]
smmap2 = ["0555a7bf4df71d1ef4218e4807bbf9b201f910174e6e08af2e138d4e517b4dde", "29a9ffa0497e7f2be94ca0ed1ca1aa3cd4cf25a1f6b4f5f87f74b46ed91d609a"]
subprocess32 = ["88e37c1aac5388df41cc8a8456bb49ebffd321a3ad4d70358e3518176de3a56b", "eb2937c80497978d181efa1b839ec2d9622cf9600a039a79d0e108d1f9aec79d"]
tensorboardx = ["434a3f0a886d12c9ca59ca32f71926a42404a4d8f3086011515cc93fb3aff7f3", "f1422b3cba4458d7709804a2b74424b372d764ebe4c832125f07e9bc190feb9d"]
torch = ["e8b793e9a9e28d7cee357f59cd7486cd85426c86e3821e8bb16c8f823a120d70"]
torchvision = ["4911188843c10a2c66e8f3d0c3989647e626a7a75b8387e2dbbb3e5aa96887ad"]
urllib3 = ["a53063d8b9210a7bdec15e7b272776b9d42b2fd6816401a0d43006ad2f9902db", "d363e3607d8de0c220d31950a8f38b18d5ba7c0830facd71a1c6b1036b7ce06c"]
wandb = ["13e6db79c43bd394511468a3c918c0da31d1a0e27f89758d9010a418537d70c8", "ca568f222381aae07cfe5018852d7c88929684a9fd52f6414c2e634f112b5bbd"]
watchdog = ["965f658d0732de3188211932aeb0bb457587f04f63ab4c1e33eab878e9de961d"]
